
Microsoft Visual Studio Solution File, Format Version 12.00
# Visual Studio Version 17
VisualStudioVersion = 17.4.33403.182
MinimumVisualStudioVersion = 10.0.40219.1
Project("{9A19103F-16F7-4668-BE54-9A1E7A4F7556}") = "Application", "Application\Application.csproj", "{8AF61737-C986-42FD-AFF2-8E191092D726}"
EndProject
Project("{FAE04EC0-301F-11D3-BF4B-00C04F79EFBC}") = "DataAccess", "DataAccess\DataAccess.csproj", "{F1D5B2FE-9746-445F-99C8-13E8F265D39D}"
EndProject
Project("{FAE04EC0-301F-11D3-BF4B-00C04F79EFBC}") = "Models", "Models\Models.csproj", "{359A6453-43D8-4ED5-A748-9CEA2F9889E5}"
EndProject
Global
	GlobalSection(SolutionConfigurationPlatforms) = preSolution
		Debug|Any CPU = Debug|Any CPU
		Release|Any CPU = Release|Any CPU
	EndGlobalSection
	GlobalSection(ProjectConfigurationPlatforms) = postSolution
		{8AF61737-C986-42FD-AFF2-8E191092D726}.Debug|Any CPU.ActiveCfg = Debug|Any CPU
		{8AF61737-C986-42FD-AFF2-8E191092D726}.Debug|Any CPU.Build.0 = Debug|Any CPU
		{8AF61737-C986-42FD-AFF2-8E191092D726}.Release|Any CPU.ActiveCfg = Release|Any CPU
		{8AF61737-C986-42FD-AFF2-8E191092D726}.Release|Any CPU.Build.0 = Release|Any CPU
		{F1D5B2FE-9746-445F-99C8-13E8F265D39D}.Debug|Any CPU.ActiveCfg = Debug|Any CPU
		{F1D5B2FE-9746-445F-99C8-13E8F265D39D}.Debug|Any CPU.Build.0 = Debug|Any CPU
		{F1D5B2FE-9746-445F-99C8-13E8F265D39D}.Release|Any CPU.ActiveCfg = Release|Any CPU
		{F1D5B2FE-9746-445F-99C8-13E8F265D39D}.Release|Any CPU.Build.0 = Release|Any CPU
		{359A6453-43D8-4ED5-A748-9CEA2F9889E5}.Debug|Any CPU.ActiveCfg = Debug|Any CPU
		{359A6453-43D8-4ED5-A748-9CEA2F9889E5}.Debug|Any CPU.Build.0 = Debug|Any CPU
		{359A6453-43D8-4ED5-A748-9CEA2F9889E5}.Release|Any CPU.ActiveCfg = Release|Any CPU
		{359A6453-43D8-4ED5-A748-9CEA2F9889E5}.Release|Any CPU.Build.0 = Release|Any CPU
	EndGlobalSection
	GlobalSection(SolutionProperties) = preSolution
		HideSolutionNode = FALSE
	EndGlobalSection
	GlobalSection(ExtensibilityGlobals) = postSolution
		SolutionGuid = {29F713DC-2BDB-47C0-AB90-DAC643C5FA34}
	EndGlobalSection
EndGlobal
